{
    "_readme": [
        "This file locks the dependencies of your project to a known state",
        "Read more about it at https://getcomposer.org/doc/01-basic-usage.md#composer-lock-the-lock-file",
        "This file is @generated automatically"
    ],
    "content-hash": "114d5070d66a246e7b6945445582b99d",
    "packages": [
        {
            "name": "apache/thrift",
            "version": "dev-master",
            "source": {
                "type": "git",
                "url": "https://git-wip-us.apache.org/repos/asf/thrift.git",
                "reference": "20e16bc6a41c6faead040aed7f3c00b9d2e7f842"
            },
            "require": {
                "php": ">=5.3.0"
            },
            "type": "library",
            "extra": {
                "branch-alias": {
                    "dev-master": "1.0.x-dev"
                }
            },
            "autoload": {
                "psr-0": {
                    "Thrift": "lib/php/lib/"
                }
            },
            "notification-url": "https://packagist.org/downloads/",
            "license": [
                "Apache-2.0"
            ],
            "authors": [
                {
                    "name": "Apache Thrift Developers",
                    "email": "dev@thrift.apache.org",
                    "homepage": "http://thrift.apache.org"
                }
            ],
            "description": "Apache Thrift RPC system",
            "homepage": "http://thrift.apache.org/",
            "time": "2017-11-21T19:20:26+00:00"
        }
    ],
    "packages-dev": [],
    "aliases": [],
    "minimum-stability": "stable",
    "stability-flags": {
        "apache/thrift": 20
    },
    "prefer-stable": false,
    "prefer-lowest": false,
    "platform": [],
    "platform-dev": []
}
